// !$*UTF8*$!
{
	archiveVersion = 1;
	classes = {
	};
	objectVersion = 50;
	objects = {

/* Begin PBXBuildFile section */
		C25BAD7C2240A52100E89344 /* a7_1.cpp in Sources */ = {isa = PBXBuildFile; fileRef = C25BAD7A2240A52100E89344 /* a7_1.cpp */; };
		C25BAD8A2240B8F500E89344 /* a7_2.cpp in Sources */ = {isa = PBXBuildFile; fileRef = C25BAD882240B8F500E89344 /* a7_2.cpp */; };
		C25BAD982240C48C00E89344 /* testing.cpp in Sources */ = {isa = PBXBuildFile; fileRef = C25BAD962240C48C00E89344 /* testing.cpp */; };
/* End PBXBuildFile section */

/* Begin PBXCopyFilesBuildPhase section */
		C25BAD6E2240A44300E89344 /* CopyFiles */ = {
			isa = PBXCopyFilesBuildPhase;
			buildActionMask = 2147483647;
			dstPath = /usr/share/man/man1/;
			dstSubfolderSpec = 0;
			files = (
			);
			runOnlyForDeploymentPostprocessing = 1;
		};
		C25BAD7F2240B8E400E89344 /* CopyFiles */ = {
			isa = PBXCopyFilesBuildPhase;
			buildActionMask = 2147483647;
			dstPath = /usr/share/man/man1/;
			dstSubfolderSpec = 0;
			files = (
			);
			runOnlyForDeploymentPostprocessing = 1;
		};
		C25BAD8D2240C47D00E89344 /* CopyFiles */ = {
			isa = PBXCopyFilesBuildPhase;
			buildActionMask = 2147483647;
			dstPath = /usr/share/man/man1/;
			dstSubfolderSpec = 0;
			files = (
			);
			runOnlyForDeploymentPostprocessing = 1;
		};
/* End PBXCopyFilesBuildPhase section */

/* Begin PBXFileReference section */
		C25BAD702240A44300E89344 /* a7 */ = {isa = PBXFileReference; explicitFileType = "compiled.mach-o.executable"; includeInIndex = 0; path = a7; sourceTree = BUILT_PRODUCTS_DIR; };
		C25BAD7A2240A52100E89344 /* a7_1.cpp */ = {isa = PBXFileReference; lastKnownFileType = sourcecode.cpp.cpp; path = a7_1.cpp; sourceTree = "<group>"; };
		C25BAD812240B8E400E89344 /* a7_2 */ = {isa = PBXFileReference; explicitFileType = "compiled.mach-o.executable"; includeInIndex = 0; path = a7_2; sourceTree = BUILT_PRODUCTS_DIR; };
		C25BAD882240B8F500E89344 /* a7_2.cpp */ = {isa = PBXFileReference; lastKnownFileType = sourcecode.cpp.cpp; path = a7_2.cpp; sourceTree = "<group>"; };
		C25BAD8F2240C47D00E89344 /* testing' */ = {isa = PBXFileReference; explicitFileType = "compiled.mach-o.executable"; includeInIndex = 0; path = "testing'"; sourceTree = BUILT_PRODUCTS_DIR; };
		C25BAD962240C48C00E89344 /* testing.cpp */ = {isa = PBXFileReference; lastKnownFileType = sourcecode.cpp.cpp; path = testing.cpp; sourceTree = "<group>"; };
/* End PBXFileReference section */

/* Begin PBXFrameworksBuildPhase section */
		C25BAD6D2240A44300E89344 /* Frameworks */ = {
			isa = PBXFrameworksBuildPhase;
			buildActionMask = 2147483647;
			files = (
			);
			runOnlyForDeploymentPostprocessing = 0;
		};
		C25BAD7E2240B8E400E89344 /* Frameworks */ = {
			isa = PBXFrameworksBuildPhase;
			buildActionMask = 2147483647;
			files = (
			);
			runOnlyForDeploymentPostprocessing = 0;
		};
		C25BAD8C2240C47D00E89344 /* Frameworks */ = {
			isa = PBXFrameworksBuildPhase;
			buildActionMask = 2147483647;
			files = (
			);
			runOnlyForDeploymentPostprocessing = 0;
		};
/* End PBXFrameworksBuildPhase section */

/* Begin PBXGroup section */
		C25BAD672240A44300E89344 = {
			isa = PBXGroup;
			children = (
				C25BAD722240A44300E89344 /* a7 */,
				C25BAD822240B8E400E89344 /* a7_2 */,
				C25BAD902240C47D00E89344 /* testing' */,
				C25BAD712240A44300E89344 /* Products */,
			);
			sourceTree = "<group>";
		};
		C25BAD712240A44300E89344 /* Products */ = {
			isa = PBXGroup;
			children = (
				C25BAD702240A44300E89344 /* a7 */,
				C25BAD812240B8E400E89344 /* a7_2 */,
				C25BAD8F2240C47D00E89344 /* testing' */,
			);
			name = Products;
			sourceTree = "<group>";
		};
		C25BAD722240A44300E89344 /* a7 */ = {
			isa = PBXGroup;
			children = (
				C25BAD7A2240A52100E89344 /* a7_1.cpp */,
			);
			path = a7;
			sourceTree = "<group>";
		};
		C25BAD822240B8E400E89344 /* a7_2 */ = {
			isa = PBXGroup;
			children = (
				C25BAD882240B8F500E89344 /* a7_2.cpp */,
			);
			path = a7_2;
			sourceTree = "<group>";
		};
		C25BAD902240C47D00E89344 /* testing' */ = {
			isa = PBXGroup;
			children = (
				C25BAD962240C48C00E89344 /* testing.cpp */,
			);
			path = "testing'";
			sourceTree = "<group>";
		};
/* End PBXGroup section */

/* Begin PBXNativeTarget section */
		C25BAD6F2240A44300E89344 /* a7 */ = {
			isa = PBXNativeTarget;
			buildConfigurationList = C25BAD772240A44300E89344 /* Build configuration list for PBXNativeTarget "a7" */;
			buildPhases = (
				C25BAD6C2240A44300E89344 /* Sources */,
				C25BAD6D2240A44300E89344 /* Frameworks */,
				C25BAD6E2240A44300E89344 /* CopyFiles */,
			);
			buildRules = (
			);
			dependencies = (
			);
			name = a7;
			productName = a7;
			productReference = C25BAD702240A44300E89344 /* a7 */;
			productType = "com.apple.product-type.tool";
		};
		C25BAD802240B8E400E89344 /* a7_2 */ = {
			isa = PBXNativeTarget;
			buildConfigurationList = C25BAD852240B8E400E89344 /* Build configuration list for PBXNativeTarget "a7_2" */;
			buildPhases = (
				C25BAD7D2240B8E400E89344 /* Sources */,
				C25BAD7E2240B8E400E89344 /* Frameworks */,
				C25BAD7F2240B8E400E89344 /* CopyFiles */,
			);
			buildRules = (
			);
			dependencies = (
			);
			name = a7_2;
			productName = a7_2;
			productReference = C25BAD812240B8E400E89344 /* a7_2 */;
			productType = "com.apple.product-type.tool";
		};
		C25BAD8E2240C47D00E89344 /* testing' */ = {
			isa = PBXNativeTarget;
			buildConfigurationList = C25BAD932240C47D00E89344 /* Build configuration list for PBXNativeTarget "testing'" */;
			buildPhases = (
				C25BAD8B2240C47D00E89344 /* Sources */,
				C25BAD8C2240C47D00E89344 /* Frameworks */,
				C25BAD8D2240C47D00E89344 /* CopyFiles */,
			);
			buildRules = (
			);
			dependencies = (
			);
			name = "testing'";
			productName = "testing'";
			productReference = C25BAD8F2240C47D00E89344 /* testing' */;
			productType = "com.apple.product-type.tool";
		};
/* End PBXNativeTarget section */

/* Begin PBXProject section */
		C25BAD682240A44300E89344 /* Project object */ = {
			isa = PBXProject;
			attributes = {
				LastSwiftUpdateCheck = 1000;
				LastUpgradeCheck = 1000;
				ORGANIZATIONNAME = "Chadwick Leung";
				TargetAttributes = {
					C25BAD6F2240A44300E89344 = {
						CreatedOnToolsVersion = 10.0;
					};
					C25BAD802240B8E400E89344 = {
						CreatedOnToolsVersion = 10.0;
						LastSwiftMigration = 1000;
					};
					C25BAD8E2240C47D00E89344 = {
						CreatedOnToolsVersion = 10.0;
						LastSwiftMigration = 1000;
					};
				};
			};
			buildConfigurationList = C25BAD6B2240A44300E89344 /* Build configuration list for PBXProject "a7" */;
			compatibilityVersion = "Xcode 9.3";
			developmentRegion = en;
			hasScannedForEncodings = 0;
			knownRegions = (
				en,
			);
			mainGroup = C25BAD672240A44300E89344;
			productRefGroup = C25BAD712240A44300E89344 /* Products */;
			projectDirPath = "";
			projectRoot = "";
			targets = (
				C25BAD6F2240A44300E89344 /* a7 */,
				C25BAD802240B8E400E89344 /* a7_2 */,
				C25BAD8E2240C47D00E89344 /* testing' */,
			);
		};
/* End PBXProject section */

/* Begin PBXSourcesBuildPhase section */
		C25BAD6C2240A44300E89344 /* Sources */ = {
			isa = PBXSourcesBuildPhase;
			buildActionMask = 2147483647;
			files = (
				C25BAD7C2240A52100E89344 /* a7_1.cpp in Sources */,
			);
			runOnlyForDeploymentPostprocessing = 0;
		};
		C25BAD7D2240B8E400E89344 /* Sources */ = {
			isa = PBXSourcesBuildPhase;
			buildActionMask = 2147483647;
			files = (
				C25BAD8A2240B8F500E89344 /* a7_2.cpp in Sources */,
			);
			runOnlyForDeploymentPostprocessing = 0;
		};
		C25BAD8B2240C47D00E89344 /* Sources */ = {
			isa = PBXSourcesBuildPhase;
			buildActionMask = 2147483647;
			files = (
				C25BAD982240C48C00E89344 /* testing.cpp in Sources */,
			);
			runOnlyForDeploymentPostprocessing = 0;
		};
/* End PBXSourcesBuildPhase section */

/* Begin XCBuildConfiguration section */
		C25BAD752240A44300E89344 /* Debug */ = {
			isa = XCBuildConfiguration;
			buildSettings = {
				ALWAYS_SEARCH_USER_PATHS = NO;
				CLANG_ANALYZER_NONNULL = YES;
				CLANG_ANALYZER_NUMBER_OBJECT_CONVERSION = YES_AGGRESSIVE;
				CLANG_CXX_LANGUAGE_STANDARD = "gnu++14";
				CLANG_CXX_LIBRARY = "libc++";
				CLANG_ENABLE_MODULES = YES;
				CLANG_ENABLE_OBJC_ARC = YES;
				CLANG_ENABLE_OBJC_WEAK = YES;
				CLANG_WARN_BLOCK_CAPTURE_AUTORELEASING = YES;
				CLANG_WARN_BOOL_CONVERSION = YES;
				CLANG_WARN_COMMA = YES;
				CLANG_WARN_CONSTANT_CONVERSION = YES;
				CLANG_WARN_DEPRECATED_OBJC_IMPLEMENTATIONS = YES;
				CLANG_WARN_DIRECT_OBJC_ISA_USAGE = YES_ERROR;
				CLANG_WARN_DOCUMENTATION_COMMENTS = YES;
				CLANG_WARN_EMPTY_BODY = YES;
				CLANG_WARN_ENUM_CONVERSION = YES;
				CLANG_WARN_INFINITE_RECURSION = YES;
				CLANG_WARN_INT_CONVERSION = YES;
				CLANG_WARN_NON_LITERAL_NULL_CONVERSION = YES;
				CLANG_WARN_OBJC_IMPLICIT_RETAIN_SELF = YES;
				CLANG_WARN_OBJC_LITERAL_CONVERSION = YES;
				CLANG_WARN_OBJC_ROOT_CLASS = YES_ERROR;
				CLANG_WARN_RANGE_LOOP_ANALYSIS = YES;
				CLANG_WARN_STRICT_PROTOTYPES = YES;
				CLANG_WARN_SUSPICIOUS_MOVE = YES;
				CLANG_WARN_UNGUARDED_AVAILABILITY = YES_AGGRESSIVE;
				CLANG_WARN_UNREACHABLE_CODE = YES;
				CLANG_WARN__DUPLICATE_METHOD_MATCH = YES;
				CODE_SIGN_IDENTITY = "-";
				COPY_PHASE_STRIP = NO;
				DEBUG_INFORMATION_FORMAT = dwarf;
				ENABLE_STRICT_OBJC_MSGSEND = YES;
				ENABLE_TESTABILITY = YES;
				GCC_C_LANGUAGE_STANDARD = gnu11;
				GCC_DYNAMIC_NO_PIC = NO;
				GCC_NO_COMMON_BLOCKS = YES;
				GCC_OPTIMIZATION_LEVEL = 0;
				GCC_PREPROCESSOR_DEFINITIONS = (
					"DEBUG=1",
					"$(inherited)",
				);
				GCC_WARN_64_TO_32_BIT_CONVERSION = YES;
				GCC_WARN_ABOUT_RETURN_TYPE = YES_ERROR;
				GCC_WARN_UNDECLARED_SELECTOR = YES;
				GCC_WARN_UNINITIALIZED_AUTOS = YES_AGGRESSIVE;
				GCC_WARN_UNUSED_FUNCTION = YES;
				GCC_WARN_UNUSED_VARIABLE = YES;
				MACOSX_DEPLOYMENT_TARGET = 10.14;
				MTL_ENABLE_DEBUG_INFO = INCLUDE_SOURCE;
				MTL_FAST_MATH = YES;
				ONLY_ACTIVE_ARCH = YES;
				SDKROOT = macosx;
				SWIFT_ACTIVE_COMPILATION_CONDITIONS = DEBUG;
				SWIFT_OPTIMIZATION_LEVEL = "-Onone";
			};
			name = Debug;
		};
		C25BAD762240A44300E89344 /* Release */ = {
			isa = XCBuildConfiguration;
			buildSettings = {
				ALWAYS_SEARCH_USER_PATHS = NO;
				CLANG_ANALYZER_NONNULL = YES;
				CLANG_ANALYZER_NUMBER_OBJECT_CONVERSION = YES_AGGRESSIVE;
				CLANG_CXX_LANGUAGE_STANDARD = "gnu++14";
				CLANG_CXX_LIBRARY = "libc++";
				CLANG_ENABLE_MODULES = YES;
				CLANG_ENABLE_OBJC_ARC = YES;
				CLANG_ENABLE_OBJC_WEAK = YES;
				CLANG_WARN_BLOCK_CAPTURE_AUTORELEASING = YES;
				CLANG_WARN_BOOL_CONVERSION = YES;
				CLANG_WARN_COMMA = YES;
				CLANG_WARN_CONSTANT_CONVERSION = YES;
				CLANG_WARN_DEPRECATED_OBJC_IMPLEMENTATIONS = YES;
				CLANG_WARN_DIRECT_OBJC_ISA_USAGE = YES_ERROR;
				CLANG_WARN_DOCUMENTATION_COMMENTS = YES;
				CLANG_WARN_EMPTY_BODY = YES;
				CLANG_WARN_ENUM_CONVERSION = YES;
				CLANG_WARN_INFINITE_RECURSION = YES;
				CLANG_WARN_INT_CONVERSION = YES;
				CLANG_WARN_NON_LITERAL_NULL_CONVERSION = YES;
				CLANG_WARN_OBJC_IMPLICIT_RETAIN_SELF = YES;
				CLANG_WARN_OBJC_LITERAL_CONVERSION = YES;
				CLANG_WARN_OBJC_ROOT_CLASS = YES_ERROR;
				CLANG_WARN_RANGE_LOOP_ANALYSIS = YES;
				CLANG_WARN_STRICT_PROTOTYPES = YES;
				CLANG_WARN_SUSPICIOUS_MOVE = YES;
				CLANG_WARN_UNGUARDED_AVAILABILITY = YES_AGGRESSIVE;
				CLANG_WARN_UNREACHABLE_CODE = YES;
				CLANG_WARN__DUPLICATE_METHOD_MATCH = YES;
				CODE_SIGN_IDENTITY = "-";
				COPY_PHASE_STRIP = NO;
				DEBUG_INFORMATION_FORMAT = "dwarf-with-dsym";
				ENABLE_NS_ASSERTIONS = NO;
				ENABLE_STRICT_OBJC_MSGSEND = YES;
				GCC_C_LANGUAGE_STANDARD = gnu11;
				GCC_NO_COMMON_BLOCKS = YES;
				GCC_WARN_64_TO_32_BIT_CONVERSION = YES;
				GCC_WARN_ABOUT_RETURN_TYPE = YES_ERROR;
				GCC_WARN_UNDECLARED_SELECTOR = YES;
				GCC_WARN_UNINITIALIZED_AUTOS = YES_AGGRESSIVE;
				GCC_WARN_UNUSED_FUNCTION = YES;
				GCC_WARN_UNUSED_VARIABLE = YES;
				MACOSX_DEPLOYMENT_TARGET = 10.14;
				MTL_ENABLE_DEBUG_INFO = NO;
				MTL_FAST_MATH = YES;
				SDKROOT = macosx;
				SWIFT_COMPILATION_MODE = wholemodule;
				SWIFT_OPTIMIZATION_LEVEL = "-O";
			};
			name = Release;
		};
		C25BAD782240A44300E89344 /* Debug */ = {
			isa = XCBuildConfiguration;
			buildSettings = {
				CODE_SIGN_STYLE = Automatic;
				PRODUCT_NAME = "$(TARGET_NAME)";
				SWIFT_VERSION = 4.2;
			};
			name = Debug;
		};
		C25BAD792240A44300E89344 /* Release */ = {
			isa = XCBuildConfiguration;
			buildSettings = {
				CODE_SIGN_STYLE = Automatic;
				PRODUCT_NAME = "$(TARGET_NAME)";
				SWIFT_VERSION = 4.2;
			};
			name = Release;
		};
		C25BAD862240B8E400E89344 /* Debug */ = {
			isa = XCBuildConfiguration;
			buildSettings = {
				CLANG_ENABLE_MODULES = YES;
				CODE_SIGN_STYLE = Automatic;
				LD_RUNPATH_SEARCH_PATHS = (
					"$(inherited)",
					"@executable_path/../Frameworks",
					"@loader_path/../Frameworks",
				);
				PRODUCT_NAME = "$(TARGET_NAME)";
				SWIFT_OPTIMIZATION_LEVEL = "-Onone";
				SWIFT_VERSION = 4.2;
			};
			name = Debug;
		};
		C25BAD872240B8E400E89344 /* Release */ = {
			isa = XCBuildConfiguration;
			buildSettings = {
				CLANG_ENABLE_MODULES = YES;
				CODE_SIGN_STYLE = Automatic;
				LD_RUNPATH_SEARCH_PATHS = (
					"$(inherited)",
					"@executable_path/../Frameworks",
					"@loader_path/../Frameworks",
				);
				PRODUCT_NAME = "$(TARGET_NAME)";
				SWIFT_VERSION = 4.2;
			};
			name = Release;
		};
		C25BAD942240C47D00E89344 /* Debug */ = {
			isa = XCBuildConfiguration;
			buildSettings = {
				CLANG_ENABLE_MODULES = YES;
				CODE_SIGN_STYLE = Automatic;
				LD_RUNPATH_SEARCH_PATHS = (
					"$(inherited)",
					"@executable_path/../Frameworks",
					"@loader_path/../Frameworks",
				);
				PRODUCT_NAME = "$(TARGET_NAME)";
				SWIFT_OPTIMIZATION_LEVEL = "-Onone";
				SWIFT_VERSION = 4.2;
			};
			name = Debug;
		};
		C25BAD952240C47D00E89344 /* Release */ = {
			isa = XCBuildConfiguration;
			buildSettings = {
				CLANG_ENABLE_MODULES = YES;
				CODE_SIGN_STYLE = Automatic;
				LD_RUNPATH_SEARCH_PATHS = (
					"$(inherited)",
					"@executable_path/../Frameworks",
					"@loader_path/../Frameworks",
				);
				PRODUCT_NAME = "$(TARGET_NAME)";
				SWIFT_VERSION = 4.2;
			};
			name = Release;
		};
/* End XCBuildConfiguration section */

/* Begin XCConfigurationList section */
		C25BAD6B2240A44300E89344 /* Build configuration list for PBXProject "a7" */ = {
			isa = XCConfigurationList;
			buildConfigurations = (
				C25BAD752240A44300E89344 /* Debug */,
				C25BAD762240A44300E89344 /* Release */,
			);
			defaultConfigurationIsVisible = 0;
			defaultConfigurationName = Release;
		};
		C25BAD772240A44300E89344 /* Build configuration list for PBXNativeTarget "a7" */ = {
			isa = XCConfigurationList;
			buildConfigurations = (
				C25BAD782240A44300E89344 /* Debug */,
				C25BAD792240A44300E89344 /* Release */,
			);
			defaultConfigurationIsVisible = 0;
			defaultConfigurationName = Release;
		};
		C25BAD852240B8E400E89344 /* Build configuration list for PBXNativeTarget "a7_2" */ = {
			isa = XCConfigurationList;
			buildConfigurations = (
				C25BAD862240B8E400E89344 /* Debug */,
				C25BAD872240B8E400E89344 /* Release */,
			);
			defaultConfigurationIsVisible = 0;
			defaultConfigurationName = Release;
		};
		C25BAD932240C47D00E89344 /* Build configuration list for PBXNativeTarget "testing'" */ = {
			isa = XCConfigurationList;
			buildConfigurations = (
				C25BAD942240C47D00E89344 /* Debug */,
				C25BAD952240C47D00E89344 /* Release */,
			);
			defaultConfigurationIsVisible = 0;
			defaultConfigurationName = Release;
		};
/* End XCConfigurationList section */
	};
	rootObject = C25BAD682240A44300E89344 /* Project object */;
}
